
Microsoft Visual Studio Solution File, Format Version 12.00
# Visual Studio Version 16
VisualStudioVersion = 16.0.33130.400
MinimumVisualStudioVersion = 10.0.40219.1
Project("{FAE04EC0-301F-11D3-BF4B-00C04F79EFBC}") = "中医信息管理系统", "中医信息管理系统.csproj", "{007962B4-8FE5-4A49-86FE-8783C56CF680}"
EndProject
Project("{54435603-DBB4-11D2-8724-00A0C9A8B90C}") = "InstallZYS", "..\InstallZYS\InstallZYS.vdproj", "{F7EF9FC7-40F3-4F9F-AD37-CA7196E1B11E}"
EndProject
Global
	GlobalSection(SolutionConfigurationPlatforms) = preSolution
		Debug|Any CPU = Debug|Any CPU
		Release|Any CPU = Release|Any CPU
	EndGlobalSection
	GlobalSection(ProjectConfigurationPlatforms) = postSolution
		{007962B4-8FE5-4A49-86FE-8783C56CF680}.Debug|Any CPU.ActiveCfg = Debug|Any CPU
		{007962B4-8FE5-4A49-86FE-8783C56CF680}.Debug|Any CPU.Build.0 = Debug|Any CPU
		{007962B4-8FE5-4A49-86FE-8783C56CF680}.Release|Any CPU.ActiveCfg = Release|Any CPU
		{007962B4-8FE5-4A49-86FE-8783C56CF680}.Release|Any CPU.Build.0 = Release|Any CPU
		{F7EF9FC7-40F3-4F9F-AD37-CA7196E1B11E}.Debug|Any CPU.ActiveCfg = Debug
		{F7EF9FC7-40F3-4F9F-AD37-CA7196E1B11E}.Debug|Any CPU.Build.0 = Debug
		{F7EF9FC7-40F3-4F9F-AD37-CA7196E1B11E}.Release|Any CPU.ActiveCfg = Release
		{F7EF9FC7-40F3-4F9F-AD37-CA7196E1B11E}.Release|Any CPU.Build.0 = Release
	EndGlobalSection
	GlobalSection(SolutionProperties) = preSolution
		HideSolutionNode = FALSE
	EndGlobalSection
	GlobalSection(ExtensibilityGlobals) = postSolution
		SolutionGuid = {6D7E38FA-63ED-4CDB-9E3E-34F01827185D}
	EndGlobalSection
EndGlobal
